
Microsoft Visual Studio Solution File, Format Version 12.00
# Visual Studio Version 17
VisualStudioVersion = 17.13.35828.75 d17.13
MinimumVisualStudioVersion = 10.0.40219.1
Project("{FAE04EC0-301F-11D3-BF4B-00C04F79EFBC}") = "exam_postly_api", "exam_postly_api\exam_postly_api.csproj", "{FB8B98D7-716C-4977-8B1D-49168C6E906E}"
EndProject
Global
	GlobalSection(SolutionConfigurationPlatforms) = preSolution
		Debug|Any CPU = Debug|Any CPU
		Release|Any CPU = Release|Any CPU
	EndGlobalSection
	GlobalSection(ProjectConfigurationPlatforms) = postSolution
		{FB8B98D7-716C-4977-8B1D-49168C6E906E}.Debug|Any CPU.ActiveCfg = Debug|Any CPU
		{FB8B98D7-716C-4977-8B1D-49168C6E906E}.Debug|Any CPU.Build.0 = Debug|Any CPU
		{FB8B98D7-716C-4977-8B1D-49168C6E906E}.Release|Any CPU.ActiveCfg = Release|Any CPU
		{FB8B98D7-716C-4977-8B1D-49168C6E906E}.Release|Any CPU.Build.0 = Release|Any CPU
	EndGlobalSection
	GlobalSection(SolutionProperties) = preSolution
		HideSolutionNode = FALSE
	EndGlobalSection
	GlobalSection(ExtensibilityGlobals) = postSolution
		SolutionGuid = {9FF46F42-CD15-4787-AB41-23EA698C6936}
	EndGlobalSection
EndGlobal
